
Microsoft Visual Studio Solution File, Format Version 12.00
# Visual Studio Version 17
VisualStudioVersion = 17.12.35707.178
MinimumVisualStudioVersion = 10.0.40219.1
Project("{FAE04EC0-301F-11D3-BF4B-00C04F79EFBC}") = "LibraryManager", "LibraryManager\LibraryManager.csproj", "{84FB279E-BE83-414D-9F80-26502FC418E6}"
EndProject
Project("{FAE04EC0-301F-11D3-BF4B-00C04F79EFBC}") = "LibraryWeb", "LibraryWeb\LibraryWeb.csproj", "{86F11FFA-0D8D-4839-BEB7-6C10761319EC}"
EndProject
Global
	GlobalSection(SolutionConfigurationPlatforms) = preSolution
		Debug|Any CPU = Debug|Any CPU
		Release|Any CPU = Release|Any CPU
	EndGlobalSection
	GlobalSection(ProjectConfigurationPlatforms) = postSolution
		{84FB279E-BE83-414D-9F80-26502FC418E6}.Debug|Any CPU.ActiveCfg = Debug|Any CPU
		{84FB279E-BE83-414D-9F80-26502FC418E6}.Debug|Any CPU.Build.0 = Debug|Any CPU
		{84FB279E-BE83-414D-9F80-26502FC418E6}.Release|Any CPU.ActiveCfg = Release|Any CPU
		{84FB279E-BE83-414D-9F80-26502FC418E6}.Release|Any CPU.Build.0 = Release|Any CPU
		{86F11FFA-0D8D-4839-BEB7-6C10761319EC}.Debug|Any CPU.ActiveCfg = Debug|Any CPU
		{86F11FFA-0D8D-4839-BEB7-6C10761319EC}.Debug|Any CPU.Build.0 = Debug|Any CPU
		{86F11FFA-0D8D-4839-BEB7-6C10761319EC}.Release|Any CPU.ActiveCfg = Release|Any CPU
		{86F11FFA-0D8D-4839-BEB7-6C10761319EC}.Release|Any CPU.Build.0 = Release|Any CPU
	EndGlobalSection
	GlobalSection(SolutionProperties) = preSolution
		HideSolutionNode = FALSE
	EndGlobalSection
EndGlobal
